
Microsoft Visual Studio Solution File, Format Version 12.00
# Visual Studio Version 16
VisualStudioVersion = 16.0.30907.101
MinimumVisualStudioVersion = 10.0.40219.1
Project("{FAE04EC0-301F-11D3-BF4B-00C04F79EFBC}") = "Задача №1 (А)", "Задача №1 (А)\Задача №1 (А).csproj", "{9DDAE375-8798-4EED-98A3-18DF414A8207}"
EndProject
Global
	GlobalSection(SolutionConfigurationPlatforms) = preSolution
		Debug|Any CPU = Debug|Any CPU
		Release|Any CPU = Release|Any CPU
	EndGlobalSection
	GlobalSection(ProjectConfigurationPlatforms) = postSolution
		{9DDAE375-8798-4EED-98A3-18DF414A8207}.Debug|Any CPU.ActiveCfg = Debug|Any CPU
		{9DDAE375-8798-4EED-98A3-18DF414A8207}.Debug|Any CPU.Build.0 = Debug|Any CPU
		{9DDAE375-8798-4EED-98A3-18DF414A8207}.Release|Any CPU.ActiveCfg = Release|Any CPU
		{9DDAE375-8798-4EED-98A3-18DF414A8207}.Release|Any CPU.Build.0 = Release|Any CPU
	EndGlobalSection
	GlobalSection(SolutionProperties) = preSolution
		HideSolutionNode = FALSE
	EndGlobalSection
	GlobalSection(ExtensibilityGlobals) = postSolution
		SolutionGuid = {A1F9A8ED-86E4-4C8E-8237-6876975229DD}
	EndGlobalSection
EndGlobal
